
Microsoft Visual Studio Solution File, Format Version 12.00
# 
Project("{FAE04EC0-301F-11D3-BF4B-00C04F79EFBC}") = "Data", "Data\Data.csproj", "{7BEC9002-C50C-4B25-8DB4-0A245DEEB542}"
EndProject
Project("{FAE04EC0-301F-11D3-BF4B-00C04F79EFBC}") = "SQLock", "SQLock\SQLock.csproj", "{4E5C4A35-A525-4A1F-A9C0-3EDEED5D24D9}"
EndProject
Project("{FAE04EC0-301F-11D3-BF4B-00C04F79EFBC}") = "SQLockDemo", "SQLockDemo\SQLockDemo.csproj", "{A61EDAF4-DB61-45A8-80FE-0D4BA41010E7}"
EndProject
Project("{FAE04EC0-301F-11D3-BF4B-00C04F79EFBC}") = "SQLockDemo.Tests", "SQLockDemo.Tests\SQLockDemo.Tests.csproj", "{C34855A4-5068-49C9-9FBB-A7E789C5337B}"
EndProject
Global
	GlobalSection(SolutionConfigurationPlatforms) = preSolution
		Debug|Any CPU = Debug|Any CPU
		Release|Any CPU = Release|Any CPU
	EndGlobalSection
	GlobalSection(ProjectConfigurationPlatforms) = postSolution
		{7BEC9002-C50C-4B25-8DB4-0A245DEEB542}.Debug|Any CPU.ActiveCfg = Debug|Any CPU
		{7BEC9002-C50C-4B25-8DB4-0A245DEEB542}.Debug|Any CPU.Build.0 = Debug|Any CPU
		{7BEC9002-C50C-4B25-8DB4-0A245DEEB542}.Release|Any CPU.ActiveCfg = Release|Any CPU
		{7BEC9002-C50C-4B25-8DB4-0A245DEEB542}.Release|Any CPU.Build.0 = Release|Any CPU
		{4E5C4A35-A525-4A1F-A9C0-3EDEED5D24D9}.Debug|Any CPU.ActiveCfg = Debug|Any CPU
		{4E5C4A35-A525-4A1F-A9C0-3EDEED5D24D9}.Debug|Any CPU.Build.0 = Debug|Any CPU
		{4E5C4A35-A525-4A1F-A9C0-3EDEED5D24D9}.Release|Any CPU.ActiveCfg = Release|Any CPU
		{4E5C4A35-A525-4A1F-A9C0-3EDEED5D24D9}.Release|Any CPU.Build.0 = Release|Any CPU
		{A61EDAF4-DB61-45A8-80FE-0D4BA41010E7}.Debug|Any CPU.ActiveCfg = Debug|Any CPU
		{A61EDAF4-DB61-45A8-80FE-0D4BA41010E7}.Debug|Any CPU.Build.0 = Debug|Any CPU
		{A61EDAF4-DB61-45A8-80FE-0D4BA41010E7}.Release|Any CPU.ActiveCfg = Release|Any CPU
		{A61EDAF4-DB61-45A8-80FE-0D4BA41010E7}.Release|Any CPU.Build.0 = Release|Any CPU
		{C34855A4-5068-49C9-9FBB-A7E789C5337B}.Debug|Any CPU.ActiveCfg = Debug|Any CPU
		{C34855A4-5068-49C9-9FBB-A7E789C5337B}.Debug|Any CPU.Build.0 = Debug|Any CPU
		{C34855A4-5068-49C9-9FBB-A7E789C5337B}.Release|Any CPU.ActiveCfg = Release|Any CPU
		{C34855A4-5068-49C9-9FBB-A7E789C5337B}.Release|Any CPU.Build.0 = Release|Any CPU
	EndGlobalSection
EndGlobal
